
Microsoft Visual Studio Solution File, Format Version 12.00
# Visual Studio 15
VisualStudioVersion = 15.0.27130.2024
MinimumVisualStudioVersion = 10.0.40219.1
Project("{FAE04EC0-301F-11D3-BF4B-00C04F79EFBC}") = "SCCPoints", "SCCPoints\SCCPoints.csproj", "{83C5CE19-55C2-4649-9E75-6368F8F2A01B}"
EndProject
Global
	GlobalSection(SolutionConfigurationPlatforms) = preSolution
		Debug|Any CPU = Debug|Any CPU
		Release|Any CPU = Release|Any CPU
	EndGlobalSection
	GlobalSection(ProjectConfigurationPlatforms) = postSolution
		{83C5CE19-55C2-4649-9E75-6368F8F2A01B}.Debug|Any CPU.ActiveCfg = Debug|Any CPU
		{83C5CE19-55C2-4649-9E75-6368F8F2A01B}.Debug|Any CPU.Build.0 = Debug|Any CPU
		{83C5CE19-55C2-4649-9E75-6368F8F2A01B}.Release|Any CPU.ActiveCfg = Release|Any CPU
		{83C5CE19-55C2-4649-9E75-6368F8F2A01B}.Release|Any CPU.Build.0 = Release|Any CPU
	EndGlobalSection
	GlobalSection(SolutionProperties) = preSolution
		HideSolutionNode = FALSE
	EndGlobalSection
	GlobalSection(ExtensibilityGlobals) = postSolution
		SolutionGuid = {045FAF39-144C-4A1E-8A3D-8D2591927278}
	EndGlobalSection
EndGlobal
